<?xml version="1.0" encoding="utf-8"?>
<Project ToolsVersion="4.0" xmlns="http://schemas.microsoft.com/developer/msbuild/2003">
  <ItemGroup>
    <Filter Include="Source Files">
      <UniqueIdentifier>{4FC737F1-C7A5-4376-A066-2A32D752A2FF}</UniqueIdentifier>
      <Extensions>cpp;c;cc;cxx;def;odl;idl;hpj;bat;asm;asmx</Extensions>
    </Filter>
    <Filter Include="Source Files\image">
      <UniqueIdentifier>{e7e7a9c0-1549-4068-bf3d-da1cc0ab67f9}</UniqueIdentifier>
    </Filter>
    <Filter Include="Source Files\image\decode">
      <UniqueIdentifier>{d38e430e-a9f3-46e5-8388-0ffc30827ee1}</UniqueIdentifier>
    </Filter>
    <Filter Include="Source Files\image\encode">
      <UniqueIdentifier>{7925b5f1-0a58-4ad4-ad8f-543a556cef30}</UniqueIdentifier>
    </Filter>
    <Filter Include="Source Files\image\sys">
      <UniqueIdentifier>{c9fd4376-f346-409f-91bb-efb4cd406bc0}</UniqueIdentifier>
    </Filter>
    <Filter Include="Source Files\jxrgluelib">
      <UniqueIdentifier>{ac34d27e-31c8-4d3a-9afd-09378ef9aa1b}</UniqueIdentifier>
    </Filter>
    <Filter Include="Header Files">
      <UniqueIdentifier>{93995380-89BD-4b04-88EB-625FBE52EBFB}</UniqueIdentifier>
      <Extensions>h;hpp;hxx;hm;inl;inc;xsd</Extensions>
    </Filter>
    <Filter Include="Header Files\image">
      <UniqueIdentifier>{55a30329-b8da-44ac-8183-decd872ddf29}</UniqueIdentifier>
    </Filter>
    <Filter Include="Header Files\image\decode">
      <UniqueIdentifier>{9bd0e684-edf1-4aa3-80b4-121b607a6aa3}</UniqueIdentifier>
    </Filter>
    <Filter Include="Header Files\image\encode">
      <UniqueIdentifier>{25300d05-81e0-43ee-924b-a3d4b0dbeb5b}</UniqueIdentifier>
    </Filter>
    <Filter Include="Header Files\image\sys">
      <UniqueIdentifier>{db23a214-bd18-4dcd-a7e9-416aede935d6}</UniqueIdentifier>
    </Filter>
    <Filter Include="Header Files\image\x86">
      <UniqueIdentifier>{30ecdce7-79d4-4ce7-8f51-786b9cb55fdb}</UniqueIdentifier>
    </Filter>
    <Filter Include="Header Files\common">
      <UniqueIdentifier>{0409d8f3-1dd9-4893-80a1-ee4c93ab531a}</UniqueIdentifier>
    </Filter>
    <Filter Include="Header Files\jxrgluelib">
      <UniqueIdentifier>{eccd5a04-b349-4fda-8fee-ba084a92b927}</UniqueIdentifier>
    </Filter>
  </ItemGroup>
  <ItemGroup>
    <ClCompile Include="image\decode\decode.c">
      <Filter>Source Files\image\decode</Filter>
    </ClCompile>
    <ClCompile Include="image\decode\JXRTranscode.c">
      <Filter>Source Files\image\decode</Filter>
    </ClCompile>
    <ClCompile Include="image\decode\postprocess.c">
      <Filter>Source Files\image\decode</Filter>
    </ClCompile>
    <ClCompile Include="image\decode\segdec.c">
      <Filter>Source Files\image\decode</Filter>
    </ClCompile>
    <ClCompile Include="image\decode\strdec.c">
      <Filter>Source Files\image\decode</Filter>
    </ClCompile>
    <ClCompile Include="image\decode\strdec_x86.c">
      <Filter>Source Files\image\decode</Filter>
    </ClCompile>
    <ClCompile Include="image\decode\strInvTransform.c">
      <Filter>Source Files\image\decode</Filter>
    </ClCompile>
    <ClCompile Include="image\decode\strPredQuantDec.c">
      <Filter>Source Files\image\decode</Filter>
    </ClCompile>
    <ClCompile Include="image\encode\encode.c">
      <Filter>Source Files\image\encode</Filter>
    </ClCompile>
    <ClCompile Include="image\encode\segenc.c">
      <Filter>Source Files\image\encode</Filter>
    </ClCompile>
    <ClCompile Include="image\encode\strenc.c">
      <Filter>Source Files\image\encode</Filter>
    </ClCompile>
    <ClCompile Include="image\encode\strenc_x86.c">
      <Filter>Source Files\image\encode</Filter>
    </ClCompile>
    <ClCompile Include="image\encode\strFwdTransform.c">
      <Filter>Source Files\image\encode</Filter>
    </ClCompile>
    <ClCompile Include="image\encode\strPredQuantEnc.c">
      <Filter>Source Files\image\encode</Filter>
    </ClCompile>
    <ClCompile Include="image\sys\adapthuff.c">
      <Filter>Source Files\image\sys</Filter>
    </ClCompile>
    <ClCompile Include="image\sys\image.c">
      <Filter>Source Files\image\sys</Filter>
    </ClCompile>
    <ClCompile Include="image\sys\strcodec.c">
      <Filter>Source Files\image\sys</Filter>
    </ClCompile>
    <ClCompile Include="image\sys\strPredQuant.c">
      <Filter>Source Files\image\sys</Filter>
    </ClCompile>
    <ClCompile Include="image\sys\strTransform.c">
      <Filter>Source Files\image\sys</Filter>
    </ClCompile>
    <ClCompile Include="jxrgluelib\JXRGlue.c">
      <Filter>Source Files\jxrgluelib</Filter>
    </ClCompile>
    <ClCompile Include="jxrgluelib\JXRGlueJxr.c">
      <Filter>Source Files\jxrgluelib</Filter>
    </ClCompile>
    <ClCompile Include="jxrgluelib\JXRGluePFC.c">
      <Filter>Source Files\jxrgluelib</Filter>
    </ClCompile>
    <ClCompile Include="jxrgluelib\JXRMeta.c">
      <Filter>Source Files\jxrgluelib</Filter>
    </ClCompile>
  </ItemGroup>
  <ItemGroup>
    <ClInclude Include="image\decode\decode.h">
      <Filter>Header Files\image\decode</Filter>
    </ClInclude>
    <ClInclude Include="image\encode\encode.h">
      <Filter>Header Files\image\encode</Filter>
    </ClInclude>
    <ClInclude Include="image\sys\ansi.h">
      <Filter>Header Files\image\sys</Filter>
    </ClInclude>
    <ClInclude Include="image\sys\common.h">
      <Filter>Header Files\image\sys</Filter>
    </ClInclude>
    <ClInclude Include="image\sys\perfTimer.h">
      <Filter>Header Files\image\sys</Filter>
    </ClInclude>
    <ClInclude Include="image\sys\strcodec.h">
      <Filter>Header Files\image\sys</Filter>
    </ClInclude>
    <ClInclude Include="image\sys\strTransform.h">
      <Filter>Header Files\image\sys</Filter>
    </ClInclude>
    <ClInclude Include="image\sys\windowsmediaphoto.h">
      <Filter>Header Files\image\sys</Filter>
    </ClInclude>
    <ClInclude Include="image\sys\xplatform_image.h">
      <Filter>Header Files\image\sys</Filter>
    </ClInclude>
    <ClInclude Include="image\x86\x86.h">
      <Filter>Header Files\image\x86</Filter>
    </ClInclude>
    <ClInclude Include="common\include\guiddef.h">
      <Filter>Header Files\common</Filter>
    </ClInclude>
    <ClInclude Include="common\include\wmsal.h">
      <Filter>Header Files\common</Filter>
    </ClInclude>
    <ClInclude Include="common\include\wmspecstring.h">
      <Filter>Header Files\common</Filter>
    </ClInclude>
    <ClInclude Include="common\include\wmspecstrings_adt.h">
      <Filter>Header Files\common</Filter>
    </ClInclude>
    <ClInclude Include="common\include\wmspecstrings_strict.h">
      <Filter>Header Files\common</Filter>
    </ClInclude>
    <ClInclude Include="common\include\wmspecstrings_undef.h">
      <Filter>Header Files\common</Filter>
    </ClInclude>
    <ClInclude Include="jxrgluelib\JXRGlue.h">
      <Filter>Header Files\jxrgluelib</Filter>
    </ClInclude>
    <ClInclude Include="jxrgluelib\JXRMeta.h">
      <Filter>Header Files\jxrgluelib</Filter>
    </ClInclude>
  </ItemGroup>
</Project>